// !$*UTF8*$!
{
	archiveVersion = 1;
	classes = {
	};
	objectVersion = 50;
	objects = {

/* Begin PBXBuildFile section */
		36FDD20625B0CD4400CB9554 /* AppDelegate.swift in Sources */ = {isa = PBXBuildFile; fileRef = 36FDD20525B0CD4400CB9554 /* AppDelegate.swift */; };
		36FDD20A25B0CD4400CB9554 /* InitialViewController.swift in Sources */ = {isa = PBXBuildFile; fileRef = 36FDD20925B0CD4400CB9554 /* InitialViewController.swift */; };
		36FDD20F25B0CD4500CB9554 /* Assets.xcassets in Resources */ = {isa = PBXBuildFile; fileRef = 36FDD20E25B0CD4500CB9554 /* Assets.xcassets */; };
		36FDD26925B0D08500CB9554 /* SceneDelegate.swift in Sources */ = {isa = PBXBuildFile; fileRef = 36FDD26825B0D08500CB9554 /* SceneDelegate.swift */; };
		36FDD26F25B17EC100CB9554 /* SecondViewController.swift in Sources */ = {isa = PBXBuildFile; fileRef = 36FDD26E25B17EC100CB9554 /* SecondViewController.swift */; };
		36FDD27325B17F3700CB9554 /* InitialViewControllerTests.swift in Sources */ = {isa = PBXBuildFile; fileRef = 36FDD27225B17F3700CB9554 /* InitialViewControllerTests.swift */; };
/* End PBXBuildFile section */

/* Begin PBXContainerItemProxy section */
		36FDD21925B0CD4600CB9554 /* PBXContainerItemProxy */ = {
			isa = PBXContainerItemProxy;
			containerPortal = 36FDD1FA25B0CD4400CB9554 /* Project object */;
			proxyType = 1;
			remoteGlobalIDString = 36FDD20125B0CD4400CB9554;
			remoteInfo = NavigationCodeBased;
		};
/* End PBXContainerItemProxy section */

/* Begin PBXFileReference section */
		36FDD20225B0CD4400CB9554 /* NavigationCodeBased.app */ = {isa = PBXFileReference; explicitFileType = wrapper.application; includeInIndex = 0; path = NavigationCodeBased.app; sourceTree = BUILT_PRODUCTS_DIR; };
		36FDD20525B0CD4400CB9554 /* AppDelegate.swift */ = {isa = PBXFileReference; lastKnownFileType = sourcecode.swift; path = AppDelegate.swift; sourceTree = "<group>"; };
		36FDD20925B0CD4400CB9554 /* InitialViewController.swift */ = {isa = PBXFileReference; lastKnownFileType = sourcecode.swift; path = InitialViewController.swift; sourceTree = "<group>"; };
		36FDD20E25B0CD4500CB9554 /* Assets.xcassets */ = {isa = PBXFileReference; lastKnownFileType = folder.assetcatalog; path = Assets.xcassets; sourceTree = "<group>"; };
		36FDD21325B0CD4500CB9554 /* Info.plist */ = {isa = PBXFileReference; lastKnownFileType = text.plist.xml; path = Info.plist; sourceTree = "<group>"; };
		36FDD21825B0CD4600CB9554 /* NavigationCodeBasedTests.xctest */ = {isa = PBXFileReference; explicitFileType = wrapper.cfbundle; includeInIndex = 0; path = NavigationCodeBasedTests.xctest; sourceTree = BUILT_PRODUCTS_DIR; };
		36FDD21E25B0CD4600CB9554 /* Info.plist */ = {isa = PBXFileReference; lastKnownFileType = text.plist.xml; path = Info.plist; sourceTree = "<group>"; };
		36FDD26825B0D08500CB9554 /* SceneDelegate.swift */ = {isa = PBXFileReference; fileEncoding = 4; lastKnownFileType = sourcecode.swift; path = SceneDelegate.swift; sourceTree = "<group>"; };
		36FDD26E25B17EC100CB9554 /* SecondViewController.swift */ = {isa = PBXFileReference; lastKnownFileType = sourcecode.swift; path = SecondViewController.swift; sourceTree = "<group>"; };
		36FDD27225B17F3700CB9554 /* InitialViewControllerTests.swift */ = {isa = PBXFileReference; lastKnownFileType = sourcecode.swift; path = InitialViewControllerTests.swift; sourceTree = "<group>"; };
/* End PBXFileReference section */

/* Begin PBXFrameworksBuildPhase section */
		36FDD1FF25B0CD4400CB9554 /* Frameworks */ = {
			isa = PBXFrameworksBuildPhase;
			buildActionMask = 2147483647;
			files = (
			);
			runOnlyForDeploymentPostprocessing = 0;
		};
		36FDD21525B0CD4600CB9554 /* Frameworks */ = {
			isa = PBXFrameworksBuildPhase;
			buildActionMask = 2147483647;
			files = (
			);
			runOnlyForDeploymentPostprocessing = 0;
		};
/* End PBXFrameworksBuildPhase section */

/* Begin PBXGroup section */
		36FDD1F925B0CD4400CB9554 = {
			isa = PBXGroup;
			children = (
				36FDD20425B0CD4400CB9554 /* NavigationCodeBased */,
				36FDD21B25B0CD4600CB9554 /* NavigationCodeBasedTests */,
				36FDD20325B0CD4400CB9554 /* Products */,
			);
			sourceTree = "<group>";
		};
		36FDD20325B0CD4400CB9554 /* Products */ = {
			isa = PBXGroup;
			children = (
				36FDD20225B0CD4400CB9554 /* NavigationCodeBased.app */,
				36FDD21825B0CD4600CB9554 /* NavigationCodeBasedTests.xctest */,
			);
			name = Products;
			sourceTree = "<group>";
		};
		36FDD20425B0CD4400CB9554 /* NavigationCodeBased */ = {
			isa = PBXGroup;
			children = (
				36FDD20525B0CD4400CB9554 /* AppDelegate.swift */,
				36FDD26825B0D08500CB9554 /* SceneDelegate.swift */,
				36FDD20925B0CD4400CB9554 /* InitialViewController.swift */,
				36FDD20E25B0CD4500CB9554 /* Assets.xcassets */,
				36FDD21325B0CD4500CB9554 /* Info.plist */,
				36FDD26E25B17EC100CB9554 /* SecondViewController.swift */,
			);
			path = NavigationCodeBased;
			sourceTree = "<group>";
		};
		36FDD21B25B0CD4600CB9554 /* NavigationCodeBasedTests */ = {
			isa = PBXGroup;
			children = (
				36FDD21E25B0CD4600CB9554 /* Info.plist */,
				36FDD27225B17F3700CB9554 /* InitialViewControllerTests.swift */,
			);
			path = NavigationCodeBasedTests;
			sourceTree = "<group>";
		};
/* End PBXGroup section */

/* Begin PBXNativeTarget section */
		36FDD20125B0CD4400CB9554 /* NavigationCodeBased */ = {
			isa = PBXNativeTarget;
			buildConfigurationList = 36FDD22C25B0CD4600CB9554 /* Build configuration list for PBXNativeTarget "NavigationCodeBased" */;
			buildPhases = (
				36FDD1FE25B0CD4400CB9554 /* Sources */,
				36FDD1FF25B0CD4400CB9554 /* Frameworks */,
				36FDD20025B0CD4400CB9554 /* Resources */,
			);
			buildRules = (
			);
			dependencies = (
			);
			name = NavigationCodeBased;
			productName = NavigationCodeBased;
			productReference = 36FDD20225B0CD4400CB9554 /* NavigationCodeBased.app */;
			productType = "com.apple.product-type.application";
		};
		36FDD21725B0CD4600CB9554 /* NavigationCodeBasedTests */ = {
			isa = PBXNativeTarget;
			buildConfigurationList = 36FDD22F25B0CD4600CB9554 /* Build configuration list for PBXNativeTarget "NavigationCodeBasedTests" */;
			buildPhases = (
				36FDD21425B0CD4600CB9554 /* Sources */,
				36FDD21525B0CD4600CB9554 /* Frameworks */,
				36FDD21625B0CD4600CB9554 /* Resources */,
			);
			buildRules = (
			);
			dependencies = (
				36FDD21A25B0CD4600CB9554 /* PBXTargetDependency */,
			);
			name = NavigationCodeBasedTests;
			productName = NavigationCodeBasedTests;
			productReference = 36FDD21825B0CD4600CB9554 /* NavigationCodeBasedTests.xctest */;
			productType = "com.apple.product-type.bundle.unit-test";
		};
/* End PBXNativeTarget section */

/* Begin PBXProject section */
		36FDD1FA25B0CD4400CB9554 /* Project object */ = {
			isa = PBXProject;
			attributes = {
				LastSwiftUpdateCheck = 1230;
				LastUpgradeCheck = 1230;
				TargetAttributes = {
					36FDD20125B0CD4400CB9554 = {
						CreatedOnToolsVersion = 12.3;
					};
					36FDD21725B0CD4600CB9554 = {
						CreatedOnToolsVersion = 12.3;
						TestTargetID = 36FDD20125B0CD4400CB9554;
					};
				};
			};
			buildConfigurationList = 36FDD1FD25B0CD4400CB9554 /* Build configuration list for PBXProject "NavigationCodeBased" */;
			compatibilityVersion = "Xcode 9.3";
			developmentRegion = en;
			hasScannedForEncodings = 0;
			knownRegions = (
				en,
				Base,
			);
			mainGroup = 36FDD1F925B0CD4400CB9554;
			productRefGroup = 36FDD20325B0CD4400CB9554 /* Products */;
			projectDirPath = "";
			projectRoot = "";
			targets = (
				36FDD20125B0CD4400CB9554 /* NavigationCodeBased */,
				36FDD21725B0CD4600CB9554 /* NavigationCodeBasedTests */,
			);
		};
/* End PBXProject section */

/* Begin PBXResourcesBuildPhase section */
		36FDD20025B0CD4400CB9554 /* Resources */ = {
			isa = PBXResourcesBuildPhase;
			buildActionMask = 2147483647;
			files = (
				36FDD20F25B0CD4500CB9554 /* Assets.xcassets in Resources */,
			);
			runOnlyForDeploymentPostprocessing = 0;
		};
		36FDD21625B0CD4600CB9554 /* Resources */ = {
			isa = PBXResourcesBuildPhase;
			buildActionMask = 2147483647;
			files = (
			);
			runOnlyForDeploymentPostprocessing = 0;
		};
/* End PBXResourcesBuildPhase section */

/* Begin PBXSourcesBuildPhase section */
		36FDD1FE25B0CD4400CB9554 /* Sources */ = {
			isa = PBXSourcesBuildPhase;
			buildActionMask = 2147483647;
			files = (
				36FDD26F25B17EC100CB9554 /* SecondViewController.swift in Sources */,
				36FDD20A25B0CD4400CB9554 /* InitialViewController.swift in Sources */,
				36FDD20625B0CD4400CB9554 /* AppDelegate.swift in Sources */,
				36FDD26925B0D08500CB9554 /* SceneDelegate.swift in Sources */,
			);
			runOnlyForDeploymentPostprocessing = 0;
		};
		36FDD21425B0CD4600CB9554 /* Sources */ = {
			isa = PBXSourcesBuildPhase;
			buildActionMask = 2147483647;
			files = (
				36FDD27325B17F3700CB9554 /* InitialViewControllerTests.swift in Sources */,
			);
			runOnlyForDeploymentPostprocessing = 0;
		};
/* End PBXSourcesBuildPhase section */

/* Begin PBXTargetDependency section */
		36FDD21A25B0CD4600CB9554 /* PBXTargetDependency */ = {
			isa = PBXTargetDependency;
			target = 36FDD20125B0CD4400CB9554 /* NavigationCodeBased */;
			targetProxy = 36FDD21925B0CD4600CB9554 /* PBXContainerItemProxy */;
		};
/* End PBXTargetDependency section */

/* Begin XCBuildConfiguration section */
		36FDD22A25B0CD4600CB9554 /* Debug */ = {
			isa = XCBuildConfiguration;
			buildSettings = {
				ALWAYS_SEARCH_USER_PATHS = NO;
				CLANG_ANALYZER_NONNULL = YES;
				CLANG_ANALYZER_NUMBER_OBJECT_CONVERSION = YES_AGGRESSIVE;
				CLANG_CXX_LANGUAGE_STANDARD = "gnu++14";
				CLANG_CXX_LIBRARY = "libc++";
				CLANG_ENABLE_MODULES = YES;
				CLANG_ENABLE_OBJC_ARC = YES;
				CLANG_ENABLE_OBJC_WEAK = YES;
				CLANG_WARN_BLOCK_CAPTURE_AUTORELEASING = YES;
				CLANG_WARN_BOOL_CONVERSION = YES;
				CLANG_WARN_COMMA = YES;
				CLANG_WARN_CONSTANT_CONVERSION = YES;
				CLANG_WARN_DEPRECATED_OBJC_IMPLEMENTATIONS = YES;
				CLANG_WARN_DIRECT_OBJC_ISA_USAGE = YES_ERROR;
				CLANG_WARN_DOCUMENTATION_COMMENTS = YES;
				CLANG_WARN_EMPTY_BODY = YES;
				CLANG_WARN_ENUM_CONVERSION = YES;
				CLANG_WARN_INFINITE_RECURSION = YES;
				CLANG_WARN_INT_CONVERSION = YES;
				CLANG_WARN_NON_LITERAL_NULL_CONVERSION = YES;
				CLANG_WARN_OBJC_IMPLICIT_RETAIN_SELF = YES;
				CLANG_WARN_OBJC_LITERAL_CONVERSION = YES;
				CLANG_WARN_OBJC_ROOT_CLASS = YES_ERROR;
				CLANG_WARN_QUOTED_INCLUDE_IN_FRAMEWORK_HEADER = YES;
				CLANG_WARN_RANGE_LOOP_ANALYSIS = YES;
				CLANG_WARN_STRICT_PROTOTYPES = YES;
				CLANG_WARN_SUSPICIOUS_MOVE = YES;
				CLANG_WARN_UNGUARDED_AVAILABILITY = YES_AGGRESSIVE;
				CLANG_WARN_UNREACHABLE_CODE = YES;
				CLANG_WARN__DUPLICATE_METHOD_MATCH = YES;
				COPY_PHASE_STRIP = NO;
				DEBUG_INFORMATION_FORMAT = dwarf;
				ENABLE_STRICT_OBJC_MSGSEND = YES;
				ENABLE_TESTABILITY = YES;
				GCC_C_LANGUAGE_STANDARD = gnu11;
				GCC_DYNAMIC_NO_PIC = NO;
				GCC_NO_COMMON_BLOCKS = YES;
				GCC_OPTIMIZATION_LEVEL = 0;
				GCC_PREPROCESSOR_DEFINITIONS = (
					"DEBUG=1",
					"$(inherited)",
				);
				GCC_WARN_64_TO_32_BIT_CONVERSION = YES;
				GCC_WARN_ABOUT_RETURN_TYPE = YES_ERROR;
				GCC_WARN_UNDECLARED_SELECTOR = YES;
				GCC_WARN_UNINITIALIZED_AUTOS = YES_AGGRESSIVE;
				GCC_WARN_UNUSED_FUNCTION = YES;
				GCC_WARN_UNUSED_VARIABLE = YES;
				IPHONEOS_DEPLOYMENT_TARGET = 14.3;
				MTL_ENABLE_DEBUG_INFO = INCLUDE_SOURCE;
				MTL_FAST_MATH = YES;
				ONLY_ACTIVE_ARCH = YES;
				SDKROOT = iphoneos;
				SWIFT_ACTIVE_COMPILATION_CONDITIONS = DEBUG;
				SWIFT_OPTIMIZATION_LEVEL = "-Onone";
			};
			name = Debug;
		};
		36FDD22B25B0CD4600CB9554 /* Release */ = {
			isa = XCBuildConfiguration;
			buildSettings = {
				ALWAYS_SEARCH_USER_PATHS = NO;
				CLANG_ANALYZER_NONNULL = YES;
				CLANG_ANALYZER_NUMBER_OBJECT_CONVERSION = YES_AGGRESSIVE;
				CLANG_CXX_LANGUAGE_STANDARD = "gnu++14";
				CLANG_CXX_LIBRARY = "libc++";
				CLANG_ENABLE_MODULES = YES;
				CLANG_ENABLE_OBJC_ARC = YES;
				CLANG_ENABLE_OBJC_WEAK = YES;
				CLANG_WARN_BLOCK_CAPTURE_AUTORELEASING = YES;
				CLANG_WARN_BOOL_CONVERSION = YES;
				CLANG_WARN_COMMA = YES;
				CLANG_WARN_CONSTANT_CONVERSION = YES;
				CLANG_WARN_DEPRECATED_OBJC_IMPLEMENTATIONS = YES;
				CLANG_WARN_DIRECT_OBJC_ISA_USAGE = YES_ERROR;
				CLANG_WARN_DOCUMENTATION_COMMENTS = YES;
				CLANG_WARN_EMPTY_BODY = YES;
				CLANG_WARN_ENUM_CONVERSION = YES;
				CLANG_WARN_INFINITE_RECURSION = YES;
				CLANG_WARN_INT_CONVERSION = YES;
				CLANG_WARN_NON_LITERAL_NULL_CONVERSION = YES;
				CLANG_WARN_OBJC_IMPLICIT_RETAIN_SELF = YES;
				CLANG_WARN_OBJC_LITERAL_CONVERSION = YES;
				CLANG_WARN_OBJC_ROOT_CLASS = YES_ERROR;
				CLANG_WARN_QUOTED_INCLUDE_IN_FRAMEWORK_HEADER = YES;
				CLANG_WARN_RANGE_LOOP_ANALYSIS = YES;
				CLANG_WARN_STRICT_PROTOTYPES = YES;
				CLANG_WARN_SUSPICIOUS_MOVE = YES;
				CLANG_WARN_UNGUARDED_AVAILABILITY = YES_AGGRESSIVE;
				CLANG_WARN_UNREACHABLE_CODE = YES;
				CLANG_WARN__DUPLICATE_METHOD_MATCH = YES;
				COPY_PHASE_STRIP = NO;
				DEBUG_INFORMATION_FORMAT = "dwarf-with-dsym";
				ENABLE_NS_ASSERTIONS = NO;
				ENABLE_STRICT_OBJC_MSGSEND = YES;
				GCC_C_LANGUAGE_STANDARD = gnu11;
				GCC_NO_COMMON_BLOCKS = YES;
				GCC_WARN_64_TO_32_BIT_CONVERSION = YES;
				GCC_WARN_ABOUT_RETURN_TYPE = YES_ERROR;
				GCC_WARN_UNDECLARED_SELECTOR = YES;
				GCC_WARN_UNINITIALIZED_AUTOS = YES_AGGRESSIVE;
				GCC_WARN_UNUSED_FUNCTION = YES;
				GCC_WARN_UNUSED_VARIABLE = YES;
				IPHONEOS_DEPLOYMENT_TARGET = 14.3;
				MTL_ENABLE_DEBUG_INFO = NO;
				MTL_FAST_MATH = YES;
				SDKROOT = iphoneos;
				SWIFT_COMPILATION_MODE = wholemodule;
				SWIFT_OPTIMIZATION_LEVEL = "-O";
				VALIDATE_PRODUCT = YES;
			};
			name = Release;
		};
		36FDD22D25B0CD4600CB9554 /* Debug */ = {
			isa = XCBuildConfiguration;
			buildSettings = {
				ASSETCATALOG_COMPILER_APPICON_NAME = AppIcon;
				ASSETCATALOG_COMPILER_GLOBAL_ACCENT_COLOR_NAME = AccentColor;
				CODE_SIGN_STYLE = Automatic;
				INFOPLIST_FILE = NavigationCodeBased/Info.plist;
				LD_RUNPATH_SEARCH_PATHS = (
					"$(inherited)",
					"@executable_path/Frameworks",
				);
				PRODUCT_BUNDLE_IDENTIFIER = de.flock.NavigationCodeBased;
				PRODUCT_NAME = "$(TARGET_NAME)";
				SWIFT_VERSION = 5.0;
				TARGETED_DEVICE_FAMILY = "1,2";
			};
			name = Debug;
		};
		36FDD22E25B0CD4600CB9554 /* Release */ = {
			isa = XCBuildConfiguration;
			buildSettings = {
				ASSETCATALOG_COMPILER_APPICON_NAME = AppIcon;
				ASSETCATALOG_COMPILER_GLOBAL_ACCENT_COLOR_NAME = AccentColor;
				CODE_SIGN_STYLE = Automatic;
				INFOPLIST_FILE = NavigationCodeBased/Info.plist;
				LD_RUNPATH_SEARCH_PATHS = (
					"$(inherited)",
					"@executable_path/Frameworks",
				);
				PRODUCT_BUNDLE_IDENTIFIER = de.flock.NavigationCodeBased;
				PRODUCT_NAME = "$(TARGET_NAME)";
				SWIFT_VERSION = 5.0;
				TARGETED_DEVICE_FAMILY = "1,2";
			};
			name = Release;
		};
		36FDD23025B0CD4600CB9554 /* Debug */ = {
			isa = XCBuildConfiguration;
			buildSettings = {
				ALWAYS_EMBED_SWIFT_STANDARD_LIBRARIES = YES;
				BUNDLE_LOADER = "$(TEST_HOST)";
				CODE_SIGN_STYLE = Automatic;
				INFOPLIST_FILE = NavigationCodeBasedTests/Info.plist;
				IPHONEOS_DEPLOYMENT_TARGET = 14.3;
				LD_RUNPATH_SEARCH_PATHS = (
					"$(inherited)",
					"@executable_path/Frameworks",
					"@loader_path/Frameworks",
				);
				PRODUCT_BUNDLE_IDENTIFIER = de.flock.NavigationCodeBasedTests;
				PRODUCT_NAME = "$(TARGET_NAME)";
				SWIFT_VERSION = 5.0;
				TARGETED_DEVICE_FAMILY = "1,2";
				TEST_HOST = "$(BUILT_PRODUCTS_DIR)/NavigationCodeBased.app/NavigationCodeBased";
			};
			name = Debug;
		};
		36FDD23125B0CD4600CB9554 /* Release */ = {
			isa = XCBuildConfiguration;
			buildSettings = {
				ALWAYS_EMBED_SWIFT_STANDARD_LIBRARIES = YES;
				BUNDLE_LOADER = "$(TEST_HOST)";
				CODE_SIGN_STYLE = Automatic;
				INFOPLIST_FILE = NavigationCodeBasedTests/Info.plist;
				IPHONEOS_DEPLOYMENT_TARGET = 14.3;
				LD_RUNPATH_SEARCH_PATHS = (
					"$(inherited)",
					"@executable_path/Frameworks",
					"@loader_path/Frameworks",
				);
				PRODUCT_BUNDLE_IDENTIFIER = de.flock.NavigationCodeBasedTests;
				PRODUCT_NAME = "$(TARGET_NAME)";
				SWIFT_VERSION = 5.0;
				TARGETED_DEVICE_FAMILY = "1,2";
				TEST_HOST = "$(BUILT_PRODUCTS_DIR)/NavigationCodeBased.app/NavigationCodeBased";
			};
			name = Release;
		};
/* End XCBuildConfiguration section */

/* Begin XCConfigurationList section */
		36FDD1FD25B0CD4400CB9554 /* Build configuration list for PBXProject "NavigationCodeBased" */ = {
			isa = XCConfigurationList;
			buildConfigurations = (
				36FDD22A25B0CD4600CB9554 /* Debug */,
				36FDD22B25B0CD4600CB9554 /* Release */,
			);
			defaultConfigurationIsVisible = 0;
			defaultConfigurationName = Release;
		};
		36FDD22C25B0CD4600CB9554 /* Build configuration list for PBXNativeTarget "NavigationCodeBased" */ = {
			isa = XCConfigurationList;
			buildConfigurations = (
				36FDD22D25B0CD4600CB9554 /* Debug */,
				36FDD22E25B0CD4600CB9554 /* Release */,
			);
			defaultConfigurationIsVisible = 0;
			defaultConfigurationName = Release;
		};
		36FDD22F25B0CD4600CB9554 /* Build configuration list for PBXNativeTarget "NavigationCodeBasedTests" */ = {
			isa = XCConfigurationList;
			buildConfigurations = (
				36FDD23025B0CD4600CB9554 /* Debug */,
				36FDD23125B0CD4600CB9554 /* Release */,
			);
			defaultConfigurationIsVisible = 0;
			defaultConfigurationName = Release;
		};
/* End XCConfigurationList section */
	};
	rootObject = 36FDD1FA25B0CD4400CB9554 /* Project object */;
}
